
Microsoft Visual Studio Solution File, Format Version 12.00
# Visual Studio Version 16
VisualStudioVersion = 16.0.29306.81
MinimumVisualStudioVersion = 10.0.40219.1
Project("{FAE04EC0-301F-11D3-BF4B-00C04F79EFBC}") = "zadanie4", "zadanie4\zadanie4.csproj", "{9BF657B1-C6E0-4D3E-98F5-2AEBA5A2D404}"
EndProject
Global
	GlobalSection(SolutionConfigurationPlatforms) = preSolution
		Debug|Any CPU = Debug|Any CPU
		Release|Any CPU = Release|Any CPU
	EndGlobalSection
	GlobalSection(ProjectConfigurationPlatforms) = postSolution
		{9BF657B1-C6E0-4D3E-98F5-2AEBA5A2D404}.Debug|Any CPU.ActiveCfg = Debug|Any CPU
		{9BF657B1-C6E0-4D3E-98F5-2AEBA5A2D404}.Debug|Any CPU.Build.0 = Debug|Any CPU
		{9BF657B1-C6E0-4D3E-98F5-2AEBA5A2D404}.Release|Any CPU.ActiveCfg = Release|Any CPU
		{9BF657B1-C6E0-4D3E-98F5-2AEBA5A2D404}.Release|Any CPU.Build.0 = Release|Any CPU
	EndGlobalSection
	GlobalSection(SolutionProperties) = preSolution
		HideSolutionNode = FALSE
	EndGlobalSection
	GlobalSection(ExtensibilityGlobals) = postSolution
		SolutionGuid = {24ED4749-8BE2-4AAB-817B-FE6A1F70EF7C}
	EndGlobalSection
EndGlobal
